
Microsoft Visual Studio Solution File, Format Version 12.00
# Visual Studio Version 17
VisualStudioVersion = 17.10.35013.160
MinimumVisualStudioVersion = 10.0.40219.1
Project("{FAE04EC0-301F-11D3-BF4B-00C04F79EFBC}") = "FlatlinerDOA.Controls", "src\FlatlinerDOA.Controls.csproj", "{AFCCD31E-FABD-43DD-A9F2-92BCFF18173A}"
EndProject
Project("{FAE04EC0-301F-11D3-BF4B-00C04F79EFBC}") = "FlatlinerDOA.Controls.Demo", "samples\FlatlinerDOA.Controls.Demo\FlatlinerDOA.Controls.Demo.csproj", "{1B351535-DD55-4861-A662-EE81E1840250}"
EndProject
Global
	GlobalSection(SolutionConfigurationPlatforms) = preSolution
		Debug|Any CPU = Debug|Any CPU
		Release|Any CPU = Release|Any CPU
	EndGlobalSection
	GlobalSection(ProjectConfigurationPlatforms) = postSolution
		{AFCCD31E-FABD-43DD-A9F2-92BCFF18173A}.Debug|Any CPU.ActiveCfg = Debug|Any CPU
		{AFCCD31E-FABD-43DD-A9F2-92BCFF18173A}.Debug|Any CPU.Build.0 = Debug|Any CPU
		{AFCCD31E-FABD-43DD-A9F2-92BCFF18173A}.Release|Any CPU.ActiveCfg = Release|Any CPU
		{AFCCD31E-FABD-43DD-A9F2-92BCFF18173A}.Release|Any CPU.Build.0 = Release|Any CPU
		{1B351535-DD55-4861-A662-EE81E1840250}.Debug|Any CPU.ActiveCfg = Debug|Any CPU
		{1B351535-DD55-4861-A662-EE81E1840250}.Debug|Any CPU.Build.0 = Debug|Any CPU
		{1B351535-DD55-4861-A662-EE81E1840250}.Release|Any CPU.ActiveCfg = Release|Any CPU
		{1B351535-DD55-4861-A662-EE81E1840250}.Release|Any CPU.Build.0 = Release|Any CPU
	EndGlobalSection
	GlobalSection(SolutionProperties) = preSolution
		HideSolutionNode = FALSE
	EndGlobalSection
	GlobalSection(ExtensibilityGlobals) = postSolution
		SolutionGuid = {B6566FD8-724C-4DDA-971B-24699C32BC7F}
	EndGlobalSection
EndGlobal
